
Microsoft Visual Studio Solution File, Format Version 12.00
# Visual Studio Version 16
VisualStudioVersion = 16.0.31702.278
MinimumVisualStudioVersion = 10.0.40219.1
Project("{FAE04EC0-301F-11D3-BF4B-00C04F79EFBC}") = "Timinger_Cosmin-Ianis_Lab2", "Timinger_Cosmin-Ianis_Lab2.csproj", "{4A0BCE13-5215-4A5C-8F2B-A3C0A4E3D8D6}"
EndProject
Global
	GlobalSection(SolutionConfigurationPlatforms) = preSolution
		Debug|Any CPU = Debug|Any CPU
		Release|Any CPU = Release|Any CPU
	EndGlobalSection
	GlobalSection(ProjectConfigurationPlatforms) = postSolution
		{4A0BCE13-5215-4A5C-8F2B-A3C0A4E3D8D6}.Debug|Any CPU.ActiveCfg = Debug|Any CPU
		{4A0BCE13-5215-4A5C-8F2B-A3C0A4E3D8D6}.Debug|Any CPU.Build.0 = Debug|Any CPU
		{4A0BCE13-5215-4A5C-8F2B-A3C0A4E3D8D6}.Release|Any CPU.ActiveCfg = Release|Any CPU
		{4A0BCE13-5215-4A5C-8F2B-A3C0A4E3D8D6}.Release|Any CPU.Build.0 = Release|Any CPU
	EndGlobalSection
	GlobalSection(SolutionProperties) = preSolution
		HideSolutionNode = FALSE
	EndGlobalSection
	GlobalSection(ExtensibilityGlobals) = postSolution
		SolutionGuid = {D8BACB29-5EC0-423E-B9AC-B4572BDDD68C}
	EndGlobalSection
EndGlobal
